// !$*UTF8*$!
{
	archiveVersion = 1;
	classes = {
	};
	objectVersion = 56;
	objects = {

/* Begin PBXBuildFile section */
		AF0379192D71C10200FDF9EA /* ProfileService.swift in Sources */ = {isa = PBXBuildFile; fileRef = AF0379182D71C10200FDF9EA /* ProfileService.swift */; };
		AF03791C2D71F4A200FDF9EA /* ProgressHUD in Frameworks */ = {isa = PBXBuildFile; productRef = AF03791B2D71F4A200FDF9EA /* ProgressHUD */; };
		AF03791E2D720E6B00FDF9EA /* ProfileImageService.swift in Sources */ = {isa = PBXBuildFile; fileRef = AF03791D2D720E6B00FDF9EA /* ProfileImageService.swift */; };
		AF10756D2C883D6200B2A460 /* ProfileViewController.swift in Sources */ = {isa = PBXBuildFile; fileRef = AF10756C2C883D6200B2A460 /* ProfileViewController.swift */; };
		AF234CCD2D8056B0000EE9CC /* SwiftKeychainWrapper in Frameworks */ = {isa = PBXBuildFile; productRef = AF234CCC2D8056B0000EE9CC /* SwiftKeychainWrapper */; };
		AF234CCF2D805BF8000EE9CC /* TabBarController.swift in Sources */ = {isa = PBXBuildFile; fileRef = AF234CCE2D805BF8000EE9CC /* TabBarController.swift */; };
		AF234CD12D806D62000EE9CC /* AuthViewControllerDelegate.swift in Sources */ = {isa = PBXBuildFile; fileRef = AF234CD02D806D62000EE9CC /* AuthViewControllerDelegate.swift */; };
		AF42A38F2D521BC300852377 /* OAuth2Service.swift in Sources */ = {isa = PBXBuildFile; fileRef = AF42A38E2D521BC300852377 /* OAuth2Service.swift */; };
		AF42A3912D52312A00852377 /* URLSession+data.swift in Sources */ = {isa = PBXBuildFile; fileRef = AF42A3902D52312A00852377 /* URLSession+data.swift */; };
		AF443C322D7071E900222898 /* UIBlockingProgressHUD.swift in Sources */ = {isa = PBXBuildFile; fileRef = AF443C312D7071E900222898 /* UIBlockingProgressHUD.swift */; };
		AF455EE12D53DBD200CF0806 /* SplashViewController.swift in Sources */ = {isa = PBXBuildFile; fileRef = AF455EE02D53DBD200CF0806 /* SplashViewController.swift */; };
		AF5E90C72C8C55D2009057FA /* SingleImageViewController.swift in Sources */ = {isa = PBXBuildFile; fileRef = AF5E90C62C8C55D2009057FA /* SingleImageViewController.swift */; };
		AF5EAB582D5283C60032D0E4 /* OAuth2TokenStorage.swift in Sources */ = {isa = PBXBuildFile; fileRef = AF5EAB572D5283C60032D0E4 /* OAuth2TokenStorage.swift */; };
		AF601EB62D2FDDE3006EA47F /* Constants.swift in Sources */ = {isa = PBXBuildFile; fileRef = AF601EB52D2FDDE3006EA47F /* Constants.swift */; };
		AF601EB92D36DB6C006EA47F /* AuthViewController.swift in Sources */ = {isa = PBXBuildFile; fileRef = AF601EB82D36DB6C006EA47F /* AuthViewController.swift */; };
		AF7566652D8AA399000E24E0 /* Structures.swift in Sources */ = {isa = PBXBuildFile; fileRef = AF7566642D8AA399000E24E0 /* Structures.swift */; };
		AF8023FE2D43BB8E0003566F /* WebViewViewControllerDelegate.swift in Sources */ = {isa = PBXBuildFile; fileRef = AF8023FD2D43BB8E0003566F /* WebViewViewControllerDelegate.swift */; };
		AF980CFE2C5BA75200B7F8AE /* AppDelegate.swift in Sources */ = {isa = PBXBuildFile; fileRef = AF980CFD2C5BA75200B7F8AE /* AppDelegate.swift */; };
		AF980D002C5BA75200B7F8AE /* SceneDelegate.swift in Sources */ = {isa = PBXBuildFile; fileRef = AF980CFF2C5BA75200B7F8AE /* SceneDelegate.swift */; };
		AF980D022C5BA75200B7F8AE /* ImagesListViewController.swift in Sources */ = {isa = PBXBuildFile; fileRef = AF980D012C5BA75200B7F8AE /* ImagesListViewController.swift */; };
		AF980D052C5BA75200B7F8AE /* Main.storyboard in Resources */ = {isa = PBXBuildFile; fileRef = AF980D032C5BA75200B7F8AE /* Main.storyboard */; };
		AF980D072C5BA75400B7F8AE /* Assets.xcassets in Resources */ = {isa = PBXBuildFile; fileRef = AF980D062C5BA75400B7F8AE /* Assets.xcassets */; };
		AF980D0A2C5BA75400B7F8AE /* LaunchScreen.storyboard in Resources */ = {isa = PBXBuildFile; fileRef = AF980D082C5BA75400B7F8AE /* LaunchScreen.storyboard */; };
		AF9EC19C2C75ED0F00BB6E73 /* ImagesListCell.swift in Sources */ = {isa = PBXBuildFile; fileRef = AF9EC19B2C75ED0F00BB6E73 /* ImagesListCell.swift */; };
		AF9F90C62D40F6AA00FB30A8 /* WebViewViewController.swift in Sources */ = {isa = PBXBuildFile; fileRef = AF9F90C52D40F6AA00FB30A8 /* WebViewViewController.swift */; };
		AFAEB65C2D82CCCD000EFED2 /* ImagesListService.swift in Sources */ = {isa = PBXBuildFile; fileRef = AFAEB65B2D82CCCD000EFED2 /* ImagesListService.swift */; };
		AFC744202D87B939004BB4EB /* ProfileLogoutService.swift in Sources */ = {isa = PBXBuildFile; fileRef = AFC7441F2D87B939004BB4EB /* ProfileLogoutService.swift */; };
		AFE91B542D7DB00F00F0A164 /* Kingfisher in Frameworks */ = {isa = PBXBuildFile; productRef = AFE91B532D7DB00F00F0A164 /* Kingfisher */; };
/* End PBXBuildFile section */

/* Begin PBXContainerItemProxy section */
		AFC744162D85CB65004BB4EB /* PBXContainerItemProxy */ = {
			isa = PBXContainerItemProxy;
			containerPortal = AF980CF22C5BA75200B7F8AE /* Project object */;
			proxyType = 1;
			remoteGlobalIDString = AF980CF92C5BA75200B7F8AE;
			remoteInfo = ImageFeed;
		};
/* End PBXContainerItemProxy section */

/* Begin PBXFileReference section */
		AF0379182D71C10200FDF9EA /* ProfileService.swift */ = {isa = PBXFileReference; lastKnownFileType = sourcecode.swift; path = ProfileService.swift; sourceTree = "<group>"; };
		AF03791D2D720E6B00FDF9EA /* ProfileImageService.swift */ = {isa = PBXFileReference; lastKnownFileType = sourcecode.swift; path = ProfileImageService.swift; sourceTree = "<group>"; };
		AF10756C2C883D6200B2A460 /* ProfileViewController.swift */ = {isa = PBXFileReference; lastKnownFileType = sourcecode.swift; path = ProfileViewController.swift; sourceTree = "<group>"; };
		AF234CCE2D805BF8000EE9CC /* TabBarController.swift */ = {isa = PBXFileReference; lastKnownFileType = sourcecode.swift; path = TabBarController.swift; sourceTree = "<group>"; };
		AF234CD02D806D62000EE9CC /* AuthViewControllerDelegate.swift */ = {isa = PBXFileReference; lastKnownFileType = sourcecode.swift; path = AuthViewControllerDelegate.swift; sourceTree = "<group>"; };
		AF42A38E2D521BC300852377 /* OAuth2Service.swift */ = {isa = PBXFileReference; lastKnownFileType = sourcecode.swift; path = OAuth2Service.swift; sourceTree = "<group>"; };
		AF42A3902D52312A00852377 /* URLSession+data.swift */ = {isa = PBXFileReference; lastKnownFileType = sourcecode.swift; path = "URLSession+data.swift"; sourceTree = "<group>"; };
		AF443C312D7071E900222898 /* UIBlockingProgressHUD.swift */ = {isa = PBXFileReference; lastKnownFileType = sourcecode.swift; path = UIBlockingProgressHUD.swift; sourceTree = "<group>"; };
		AF455EE02D53DBD200CF0806 /* SplashViewController.swift */ = {isa = PBXFileReference; lastKnownFileType = sourcecode.swift; path = SplashViewController.swift; sourceTree = "<group>"; };
		AF5E90C62C8C55D2009057FA /* SingleImageViewController.swift */ = {isa = PBXFileReference; lastKnownFileType = sourcecode.swift; path = SingleImageViewController.swift; sourceTree = "<group>"; };
		AF5EAB572D5283C60032D0E4 /* OAuth2TokenStorage.swift */ = {isa = PBXFileReference; lastKnownFileType = sourcecode.swift; path = OAuth2TokenStorage.swift; sourceTree = "<group>"; };
		AF601EB52D2FDDE3006EA47F /* Constants.swift */ = {isa = PBXFileReference; lastKnownFileType = sourcecode.swift; path = Constants.swift; sourceTree = "<group>"; };
		AF601EB82D36DB6C006EA47F /* AuthViewController.swift */ = {isa = PBXFileReference; lastKnownFileType = sourcecode.swift; path = AuthViewController.swift; sourceTree = "<group>"; };
		AF7566642D8AA399000E24E0 /* Structures.swift */ = {isa = PBXFileReference; lastKnownFileType = sourcecode.swift; path = Structures.swift; sourceTree = "<group>"; };
		AF8023FD2D43BB8E0003566F /* WebViewViewControllerDelegate.swift */ = {isa = PBXFileReference; lastKnownFileType = sourcecode.swift; path = WebViewViewControllerDelegate.swift; sourceTree = "<group>"; };
		AF980CFA2C5BA75200B7F8AE /* ImageFeed.app */ = {isa = PBXFileReference; explicitFileType = wrapper.application; includeInIndex = 0; path = ImageFeed.app; sourceTree = BUILT_PRODUCTS_DIR; };
		AF980CFD2C5BA75200B7F8AE /* AppDelegate.swift */ = {isa = PBXFileReference; lastKnownFileType = sourcecode.swift; path = AppDelegate.swift; sourceTree = "<group>"; };
		AF980CFF2C5BA75200B7F8AE /* SceneDelegate.swift */ = {isa = PBXFileReference; lastKnownFileType = sourcecode.swift; path = SceneDelegate.swift; sourceTree = "<group>"; };
		AF980D012C5BA75200B7F8AE /* ImagesListViewController.swift */ = {isa = PBXFileReference; lastKnownFileType = sourcecode.swift; path = ImagesListViewController.swift; sourceTree = "<group>"; };
		AF980D042C5BA75200B7F8AE /* Base */ = {isa = PBXFileReference; lastKnownFileType = file.storyboard; name = Base; path = Base.lproj/Main.storyboard; sourceTree = "<group>"; };
		AF980D062C5BA75400B7F8AE /* Assets.xcassets */ = {isa = PBXFileReference; lastKnownFileType = folder.assetcatalog; path = Assets.xcassets; sourceTree = "<group>"; };
		AF980D092C5BA75400B7F8AE /* Base */ = {isa = PBXFileReference; lastKnownFileType = file.storyboard; name = Base; path = Base.lproj/LaunchScreen.storyboard; sourceTree = "<group>"; };
		AF980D0B2C5BA75400B7F8AE /* Info.plist */ = {isa = PBXFileReference; lastKnownFileType = text.plist.xml; path = Info.plist; sourceTree = "<group>"; };
		AF9EC19B2C75ED0F00BB6E73 /* ImagesListCell.swift */ = {isa = PBXFileReference; lastKnownFileType = sourcecode.swift; path = ImagesListCell.swift; sourceTree = "<group>"; };
		AF9F90C52D40F6AA00FB30A8 /* WebViewViewController.swift */ = {isa = PBXFileReference; lastKnownFileType = sourcecode.swift; path = WebViewViewController.swift; sourceTree = "<group>"; };
		AFAEB65B2D82CCCD000EFED2 /* ImagesListService.swift */ = {isa = PBXFileReference; lastKnownFileType = sourcecode.swift; path = ImagesListService.swift; sourceTree = "<group>"; };
		AFC744122D85CB65004BB4EB /* ImageFeedTests.xctest */ = {isa = PBXFileReference; explicitFileType = wrapper.cfbundle; includeInIndex = 0; path = ImageFeedTests.xctest; sourceTree = BUILT_PRODUCTS_DIR; };
		AFC7441F2D87B939004BB4EB /* ProfileLogoutService.swift */ = {isa = PBXFileReference; lastKnownFileType = sourcecode.swift; path = ProfileLogoutService.swift; sourceTree = "<group>"; };
/* End PBXFileReference section */

/* Begin PBXFrameworksBuildPhase section */
		AF980CF72C5BA75200B7F8AE /* Frameworks */ = {
			isa = PBXFrameworksBuildPhase;
			buildActionMask = 2147483647;
			files = (
				AFE91B542D7DB00F00F0A164 /* Kingfisher in Frameworks */,
				AF03791C2D71F4A200FDF9EA /* ProgressHUD in Frameworks */,
				AF234CCD2D8056B0000EE9CC /* SwiftKeychainWrapper in Frameworks */,
			);
			runOnlyForDeploymentPostprocessing = 0;
		};
		AFC7440F2D85CB65004BB4EB /* Frameworks */ = {
			isa = PBXFrameworksBuildPhase;
			buildActionMask = 2147483647;
			files = (
			);
			runOnlyForDeploymentPostprocessing = 0;
		};
/* End PBXFrameworksBuildPhase section */

/* Begin PBXGroup section */
		AF10756B2C883D4E00B2A460 /* Profile */ = {
			isa = PBXGroup;
			children = (
				AF10756C2C883D6200B2A460 /* ProfileViewController.swift */,
			);
			path = Profile;
			sourceTree = "<group>";
		};
		AF5E90C82C8C58FC009057FA /* SingleImage */ = {
			isa = PBXGroup;
			children = (
				AF5E90C62C8C55D2009057FA /* SingleImageViewController.swift */,
			);
			path = SingleImage;
			sourceTree = "<group>";
		};
		AF601EB42D2FDDCF006EA47F /* Services */ = {
			isa = PBXGroup;
			children = (
				AF601EB52D2FDDE3006EA47F /* Constants.swift */,
				AF8023FD2D43BB8E0003566F /* WebViewViewControllerDelegate.swift */,
				AF42A38E2D521BC300852377 /* OAuth2Service.swift */,
				AF5EAB572D5283C60032D0E4 /* OAuth2TokenStorage.swift */,
				AF42A3902D52312A00852377 /* URLSession+data.swift */,
				AF443C312D7071E900222898 /* UIBlockingProgressHUD.swift */,
				AF0379182D71C10200FDF9EA /* ProfileService.swift */,
				AF03791D2D720E6B00FDF9EA /* ProfileImageService.swift */,
				AF234CD02D806D62000EE9CC /* AuthViewControllerDelegate.swift */,
				AFAEB65B2D82CCCD000EFED2 /* ImagesListService.swift */,
				AFC7441F2D87B939004BB4EB /* ProfileLogoutService.swift */,
				AF7566642D8AA399000E24E0 /* Structures.swift */,
			);
			path = Services;
			sourceTree = "<group>";
		};
		AF601EB72D36DB29006EA47F /* Authentication */ = {
			isa = PBXGroup;
			children = (
				AF601EB82D36DB6C006EA47F /* AuthViewController.swift */,
				AF9F90C52D40F6AA00FB30A8 /* WebViewViewController.swift */,
				AF455EE02D53DBD200CF0806 /* SplashViewController.swift */,
			);
			path = Authentication;
			sourceTree = "<group>";
		};
		AF980CF12C5BA75200B7F8AE = {
			isa = PBXGroup;
			children = (
				AF980CFC2C5BA75200B7F8AE /* ImageFeed */,
				AF980CFB2C5BA75200B7F8AE /* Products */,
			);
			sourceTree = "<group>";
		};
		AF980CFB2C5BA75200B7F8AE /* Products */ = {
			isa = PBXGroup;
			children = (
				AF980CFA2C5BA75200B7F8AE /* ImageFeed.app */,
				AFC744122D85CB65004BB4EB /* ImageFeedTests.xctest */,
			);
			name = Products;
			sourceTree = "<group>";
		};
		AF980CFC2C5BA75200B7F8AE /* ImageFeed */ = {
			isa = PBXGroup;
			children = (
				AF601EB72D36DB29006EA47F /* Authentication */,
				AF601EB42D2FDDCF006EA47F /* Services */,
				AF10756B2C883D4E00B2A460 /* Profile */,
				AF9EC19D2C75ED5200BB6E73 /* ImagesList */,
				AF980CFD2C5BA75200B7F8AE /* AppDelegate.swift */,
				AF980CFF2C5BA75200B7F8AE /* SceneDelegate.swift */,
				AF980D032C5BA75200B7F8AE /* Main.storyboard */,
				AF980D062C5BA75400B7F8AE /* Assets.xcassets */,
				AF980D082C5BA75400B7F8AE /* LaunchScreen.storyboard */,
				AF980D0B2C5BA75400B7F8AE /* Info.plist */,
				AF234CCE2D805BF8000EE9CC /* TabBarController.swift */,
			);
			path = ImageFeed;
			sourceTree = "<group>";
		};
		AF9EC19D2C75ED5200BB6E73 /* ImagesList */ = {
			isa = PBXGroup;
			children = (
				AF5E90C82C8C58FC009057FA /* SingleImage */,
				AF980D012C5BA75200B7F8AE /* ImagesListViewController.swift */,
				AF9EC19B2C75ED0F00BB6E73 /* ImagesListCell.swift */,
			);
			path = ImagesList;
			sourceTree = "<group>";
		};
/* End PBXGroup section */

/* Begin PBXNativeTarget section */
		AF980CF92C5BA75200B7F8AE /* ImageFeed */ = {
			isa = PBXNativeTarget;
			buildConfigurationList = AF980D0E2C5BA75400B7F8AE /* Build configuration list for PBXNativeTarget "ImageFeed" */;
			buildPhases = (
				AF980CF62C5BA75200B7F8AE /* Sources */,
				AF980CF72C5BA75200B7F8AE /* Frameworks */,
				AF980CF82C5BA75200B7F8AE /* Resources */,
			);
			buildRules = (
			);
			dependencies = (
			);
			name = ImageFeed;
			packageProductDependencies = (
				AF03791B2D71F4A200FDF9EA /* ProgressHUD */,
				AFE91B532D7DB00F00F0A164 /* Kingfisher */,
				AF234CCC2D8056B0000EE9CC /* SwiftKeychainWrapper */,
			);
			productName = ImageFeed;
			productReference = AF980CFA2C5BA75200B7F8AE /* ImageFeed.app */;
			productType = "com.apple.product-type.application";
		};
		AFC744112D85CB65004BB4EB /* ImageFeedTests */ = {
			isa = PBXNativeTarget;
			buildConfigurationList = AFC744182D85CB65004BB4EB /* Build configuration list for PBXNativeTarget "ImageFeedTests" */;
			buildPhases = (
				AFC7440E2D85CB65004BB4EB /* Sources */,
				AFC7440F2D85CB65004BB4EB /* Frameworks */,
				AFC744102D85CB65004BB4EB /* Resources */,
			);
			buildRules = (
			);
			dependencies = (
				AFC744172D85CB65004BB4EB /* PBXTargetDependency */,
			);
			name = ImageFeedTests;
			packageProductDependencies = (
			);
			productName = ImageFeedTests;
			productReference = AFC744122D85CB65004BB4EB /* ImageFeedTests.xctest */;
			productType = "com.apple.product-type.bundle.unit-test";
		};
/* End PBXNativeTarget section */

/* Begin PBXProject section */
		AF980CF22C5BA75200B7F8AE /* Project object */ = {
			isa = PBXProject;
			attributes = {
				BuildIndependentTargetsInParallel = 1;
				LastSwiftUpdateCheck = 1620;
				LastUpgradeCheck = 1520;
				TargetAttributes = {
					AF980CF92C5BA75200B7F8AE = {
						CreatedOnToolsVersion = 15.2;
					};
					AFC744112D85CB65004BB4EB = {
						CreatedOnToolsVersion = 16.2;
						TestTargetID = AF980CF92C5BA75200B7F8AE;
					};
				};
			};
			buildConfigurationList = AF980CF52C5BA75200B7F8AE /* Build configuration list for PBXProject "ImageFeed" */;
			compatibilityVersion = "Xcode 14.0";
			developmentRegion = en;
			hasScannedForEncodings = 0;
			knownRegions = (
				en,
				Base,
			);
			mainGroup = AF980CF12C5BA75200B7F8AE;
			packageReferences = (
				AF03791A2D71F4A200FDF9EA /* XCRemoteSwiftPackageReference "ProgressHUD" */,
				AFE91B522D7DB00F00F0A164 /* XCRemoteSwiftPackageReference "Kingfisher" */,
				AF234CCB2D8056B0000EE9CC /* XCRemoteSwiftPackageReference "SwiftKeychainWrapper" */,
			);
			productRefGroup = AF980CFB2C5BA75200B7F8AE /* Products */;
			projectDirPath = "";
			projectRoot = "";
			targets = (
				AF980CF92C5BA75200B7F8AE /* ImageFeed */,
				AFC744112D85CB65004BB4EB /* ImageFeedTests */,
			);
		};
/* End PBXProject section */

/* Begin PBXResourcesBuildPhase section */
		AF980CF82C5BA75200B7F8AE /* Resources */ = {
			isa = PBXResourcesBuildPhase;
			buildActionMask = 2147483647;
			files = (
				AF980D0A2C5BA75400B7F8AE /* LaunchScreen.storyboard in Resources */,
				AF980D072C5BA75400B7F8AE /* Assets.xcassets in Resources */,
				AF980D052C5BA75200B7F8AE /* Main.storyboard in Resources */,
			);
			runOnlyForDeploymentPostprocessing = 0;
		};
		AFC744102D85CB65004BB4EB /* Resources */ = {
			isa = PBXResourcesBuildPhase;
			buildActionMask = 2147483647;
			files = (
			);
			runOnlyForDeploymentPostprocessing = 0;
		};
/* End PBXResourcesBuildPhase section */

/* Begin PBXSourcesBuildPhase section */
		AF980CF62C5BA75200B7F8AE /* Sources */ = {
			isa = PBXSourcesBuildPhase;
			buildActionMask = 2147483647;
			files = (
				AF10756D2C883D6200B2A460 /* ProfileViewController.swift in Sources */,
				AF0379192D71C10200FDF9EA /* ProfileService.swift in Sources */,
				AF980D022C5BA75200B7F8AE /* ImagesListViewController.swift in Sources */,
				AF234CCF2D805BF8000EE9CC /* TabBarController.swift in Sources */,
				AF9EC19C2C75ED0F00BB6E73 /* ImagesListCell.swift in Sources */,
				AFAEB65C2D82CCCD000EFED2 /* ImagesListService.swift in Sources */,
				AF980CFE2C5BA75200B7F8AE /* AppDelegate.swift in Sources */,
				AF7566652D8AA399000E24E0 /* Structures.swift in Sources */,
				AF42A38F2D521BC300852377 /* OAuth2Service.swift in Sources */,
				AF03791E2D720E6B00FDF9EA /* ProfileImageService.swift in Sources */,
				AF455EE12D53DBD200CF0806 /* SplashViewController.swift in Sources */,
				AF601EB92D36DB6C006EA47F /* AuthViewController.swift in Sources */,
				AFC744202D87B939004BB4EB /* ProfileLogoutService.swift in Sources */,
				AF8023FE2D43BB8E0003566F /* WebViewViewControllerDelegate.swift in Sources */,
				AF443C322D7071E900222898 /* UIBlockingProgressHUD.swift in Sources */,
				AF601EB62D2FDDE3006EA47F /* Constants.swift in Sources */,
				AF42A3912D52312A00852377 /* URLSession+data.swift in Sources */,
				AF5E90C72C8C55D2009057FA /* SingleImageViewController.swift in Sources */,
				AF9F90C62D40F6AA00FB30A8 /* WebViewViewController.swift in Sources */,
				AF234CD12D806D62000EE9CC /* AuthViewControllerDelegate.swift in Sources */,
				AF5EAB582D5283C60032D0E4 /* OAuth2TokenStorage.swift in Sources */,
				AF980D002C5BA75200B7F8AE /* SceneDelegate.swift in Sources */,
			);
			runOnlyForDeploymentPostprocessing = 0;
		};
		AFC7440E2D85CB65004BB4EB /* Sources */ = {
			isa = PBXSourcesBuildPhase;
			buildActionMask = 2147483647;
			files = (
			);
			runOnlyForDeploymentPostprocessing = 0;
		};
/* End PBXSourcesBuildPhase section */

/* Begin PBXTargetDependency section */
		AFC744172D85CB65004BB4EB /* PBXTargetDependency */ = {
			isa = PBXTargetDependency;
			target = AF980CF92C5BA75200B7F8AE /* ImageFeed */;
			targetProxy = AFC744162D85CB65004BB4EB /* PBXContainerItemProxy */;
		};
/* End PBXTargetDependency section */

/* Begin PBXVariantGroup section */
		AF980D032C5BA75200B7F8AE /* Main.storyboard */ = {
			isa = PBXVariantGroup;
			children = (
				AF980D042C5BA75200B7F8AE /* Base */,
			);
			name = Main.storyboard;
			sourceTree = "<group>";
		};
		AF980D082C5BA75400B7F8AE /* LaunchScreen.storyboard */ = {
			isa = PBXVariantGroup;
			children = (
				AF980D092C5BA75400B7F8AE /* Base */,
			);
			name = LaunchScreen.storyboard;
			sourceTree = "<group>";
		};
/* End PBXVariantGroup section */

/* Begin XCBuildConfiguration section */
		AF980D0C2C5BA75400B7F8AE /* Debug */ = {
			isa = XCBuildConfiguration;
			buildSettings = {
				ALWAYS_SEARCH_USER_PATHS = NO;
				ASSETCATALOG_COMPILER_GENERATE_SWIFT_ASSET_SYMBOL_EXTENSIONS = YES;
				CLANG_ANALYZER_NONNULL = YES;
				CLANG_ANALYZER_NUMBER_OBJECT_CONVERSION = YES_AGGRESSIVE;
				CLANG_CXX_LANGUAGE_STANDARD = "gnu++20";
				CLANG_ENABLE_MODULES = YES;
				CLANG_ENABLE_OBJC_ARC = YES;
				CLANG_ENABLE_OBJC_WEAK = YES;
				CLANG_WARN_BLOCK_CAPTURE_AUTORELEASING = YES;
				CLANG_WARN_BOOL_CONVERSION = YES;
				CLANG_WARN_COMMA = YES;
				CLANG_WARN_CONSTANT_CONVERSION = YES;
				CLANG_WARN_DEPRECATED_OBJC_IMPLEMENTATIONS = YES;
				CLANG_WARN_DIRECT_OBJC_ISA_USAGE = YES_ERROR;
				CLANG_WARN_DOCUMENTATION_COMMENTS = YES;
				CLANG_WARN_EMPTY_BODY = YES;
				CLANG_WARN_ENUM_CONVERSION = YES;
				CLANG_WARN_INFINITE_RECURSION = YES;
				CLANG_WARN_INT_CONVERSION = YES;
				CLANG_WARN_NON_LITERAL_NULL_CONVERSION = YES;
				CLANG_WARN_OBJC_IMPLICIT_RETAIN_SELF = YES;
				CLANG_WARN_OBJC_LITERAL_CONVERSION = YES;
				CLANG_WARN_OBJC_ROOT_CLASS = YES_ERROR;
				CLANG_WARN_QUOTED_INCLUDE_IN_FRAMEWORK_HEADER = YES;
				CLANG_WARN_RANGE_LOOP_ANALYSIS = YES;
				CLANG_WARN_STRICT_PROTOTYPES = YES;
				CLANG_WARN_SUSPICIOUS_MOVE = YES;
				CLANG_WARN_UNGUARDED_AVAILABILITY = YES_AGGRESSIVE;
				CLANG_WARN_UNREACHABLE_CODE = YES;
				CLANG_WARN__DUPLICATE_METHOD_MATCH = YES;
				COPY_PHASE_STRIP = NO;
				DEBUG_INFORMATION_FORMAT = dwarf;
				ENABLE_STRICT_OBJC_MSGSEND = YES;
				ENABLE_TESTABILITY = YES;
				ENABLE_USER_SCRIPT_SANDBOXING = YES;
				GCC_C_LANGUAGE_STANDARD = gnu17;
				GCC_DYNAMIC_NO_PIC = NO;
				GCC_NO_COMMON_BLOCKS = YES;
				GCC_OPTIMIZATION_LEVEL = 0;
				GCC_PREPROCESSOR_DEFINITIONS = (
					"DEBUG=1",
					"$(inherited)",
				);
				GCC_WARN_64_TO_32_BIT_CONVERSION = YES;
				GCC_WARN_ABOUT_RETURN_TYPE = YES_ERROR;
				GCC_WARN_UNDECLARED_SELECTOR = YES;
				GCC_WARN_UNINITIALIZED_AUTOS = YES_AGGRESSIVE;
				GCC_WARN_UNUSED_FUNCTION = YES;
				GCC_WARN_UNUSED_VARIABLE = YES;
				IPHONEOS_DEPLOYMENT_TARGET = 13.0;
				LOCALIZATION_PREFERS_STRING_CATALOGS = YES;
				MTL_ENABLE_DEBUG_INFO = INCLUDE_SOURCE;
				MTL_FAST_MATH = YES;
				ONLY_ACTIVE_ARCH = YES;
				SDKROOT = iphoneos;
				SWIFT_ACTIVE_COMPILATION_CONDITIONS = "DEBUG $(inherited)";
				SWIFT_OPTIMIZATION_LEVEL = "-Onone";
			};
			name = Debug;
		};
		AF980D0D2C5BA75400B7F8AE /* Release */ = {
			isa = XCBuildConfiguration;
			buildSettings = {
				ALWAYS_SEARCH_USER_PATHS = NO;
				ASSETCATALOG_COMPILER_GENERATE_SWIFT_ASSET_SYMBOL_EXTENSIONS = YES;
				CLANG_ANALYZER_NONNULL = YES;
				CLANG_ANALYZER_NUMBER_OBJECT_CONVERSION = YES_AGGRESSIVE;
				CLANG_CXX_LANGUAGE_STANDARD = "gnu++20";
				CLANG_ENABLE_MODULES = YES;
				CLANG_ENABLE_OBJC_ARC = YES;
				CLANG_ENABLE_OBJC_WEAK = YES;
				CLANG_WARN_BLOCK_CAPTURE_AUTORELEASING = YES;
				CLANG_WARN_BOOL_CONVERSION = YES;
				CLANG_WARN_COMMA = YES;
				CLANG_WARN_CONSTANT_CONVERSION = YES;
				CLANG_WARN_DEPRECATED_OBJC_IMPLEMENTATIONS = YES;
				CLANG_WARN_DIRECT_OBJC_ISA_USAGE = YES_ERROR;
				CLANG_WARN_DOCUMENTATION_COMMENTS = YES;
				CLANG_WARN_EMPTY_BODY = YES;
				CLANG_WARN_ENUM_CONVERSION = YES;
				CLANG_WARN_INFINITE_RECURSION = YES;
				CLANG_WARN_INT_CONVERSION = YES;
				CLANG_WARN_NON_LITERAL_NULL_CONVERSION = YES;
				CLANG_WARN_OBJC_IMPLICIT_RETAIN_SELF = YES;
				CLANG_WARN_OBJC_LITERAL_CONVERSION = YES;
				CLANG_WARN_OBJC_ROOT_CLASS = YES_ERROR;
				CLANG_WARN_QUOTED_INCLUDE_IN_FRAMEWORK_HEADER = YES;
				CLANG_WARN_RANGE_LOOP_ANALYSIS = YES;
				CLANG_WARN_STRICT_PROTOTYPES = YES;
				CLANG_WARN_SUSPICIOUS_MOVE = YES;
				CLANG_WARN_UNGUARDED_AVAILABILITY = YES_AGGRESSIVE;
				CLANG_WARN_UNREACHABLE_CODE = YES;
				CLANG_WARN__DUPLICATE_METHOD_MATCH = YES;
				COPY_PHASE_STRIP = NO;
				DEBUG_INFORMATION_FORMAT = "dwarf-with-dsym";
				ENABLE_NS_ASSERTIONS = NO;
				ENABLE_STRICT_OBJC_MSGSEND = YES;
				ENABLE_USER_SCRIPT_SANDBOXING = YES;
				GCC_C_LANGUAGE_STANDARD = gnu17;
				GCC_NO_COMMON_BLOCKS = YES;
				GCC_WARN_64_TO_32_BIT_CONVERSION = YES;
				GCC_WARN_ABOUT_RETURN_TYPE = YES_ERROR;
				GCC_WARN_UNDECLARED_SELECTOR = YES;
				GCC_WARN_UNINITIALIZED_AUTOS = YES_AGGRESSIVE;
				GCC_WARN_UNUSED_FUNCTION = YES;
				GCC_WARN_UNUSED_VARIABLE = YES;
				IPHONEOS_DEPLOYMENT_TARGET = 13.0;
				LOCALIZATION_PREFERS_STRING_CATALOGS = YES;
				MTL_ENABLE_DEBUG_INFO = NO;
				MTL_FAST_MATH = YES;
				SDKROOT = iphoneos;
				SWIFT_COMPILATION_MODE = wholemodule;
				VALIDATE_PRODUCT = YES;
			};
			name = Release;
		};
		AF980D0F2C5BA75400B7F8AE /* Debug */ = {
			isa = XCBuildConfiguration;
			buildSettings = {
				ASSETCATALOG_COMPILER_APPICON_NAME = AppIcon;
				ASSETCATALOG_COMPILER_GLOBAL_ACCENT_COLOR_NAME = AccentColor;
				CODE_SIGN_STYLE = Automatic;
				CURRENT_PROJECT_VERSION = 1;
				DEVELOPMENT_TEAM = W4SS753QVT;
				GENERATE_INFOPLIST_FILE = YES;
				INFOPLIST_FILE = ImageFeed/Info.plist;
				INFOPLIST_KEY_CFBundleDisplayName = "Image Feed";
				INFOPLIST_KEY_UIApplicationSupportsIndirectInputEvents = YES;
				INFOPLIST_KEY_UILaunchStoryboardName = LaunchScreen;
				INFOPLIST_KEY_UIMainStoryboardFile = Main;
				INFOPLIST_KEY_UIStatusBarStyle = UIStatusBarStyleDarkContent;
				INFOPLIST_KEY_UISupportedInterfaceOrientations = UIInterfaceOrientationPortrait;
				IPHONEOS_DEPLOYMENT_TARGET = 13.0;
				LD_RUNPATH_SEARCH_PATHS = (
					"$(inherited)",
					"@executable_path/Frameworks",
				);
				MARKETING_VERSION = 1.0;
				PRODUCT_BUNDLE_IDENTIFIER = ru.efmv1.ImageFeed;
				PRODUCT_NAME = "$(TARGET_NAME)";
				SUPPORTED_PLATFORMS = "iphoneos iphonesimulator";
				SUPPORTS_MACCATALYST = NO;
				SUPPORTS_MAC_DESIGNED_FOR_IPHONE_IPAD = NO;
				SUPPORTS_XR_DESIGNED_FOR_IPHONE_IPAD = NO;
				SWIFT_EMIT_LOC_STRINGS = YES;
				SWIFT_VERSION = 5.0;
				TARGETED_DEVICE_FAMILY = 1;
			};
			name = Debug;
		};
		AF980D102C5BA75400B7F8AE /* Release */ = {
			isa = XCBuildConfiguration;
			buildSettings = {
				ASSETCATALOG_COMPILER_APPICON_NAME = AppIcon;
				ASSETCATALOG_COMPILER_GLOBAL_ACCENT_COLOR_NAME = AccentColor;
				CODE_SIGN_STYLE = Automatic;
				CURRENT_PROJECT_VERSION = 1;
				DEVELOPMENT_TEAM = W4SS753QVT;
				GENERATE_INFOPLIST_FILE = YES;
				INFOPLIST_FILE = ImageFeed/Info.plist;
				INFOPLIST_KEY_CFBundleDisplayName = "Image Feed";
				INFOPLIST_KEY_UIApplicationSupportsIndirectInputEvents = YES;
				INFOPLIST_KEY_UILaunchStoryboardName = LaunchScreen;
				INFOPLIST_KEY_UIMainStoryboardFile = Main;
				INFOPLIST_KEY_UIStatusBarStyle = UIStatusBarStyleDarkContent;
				INFOPLIST_KEY_UISupportedInterfaceOrientations = UIInterfaceOrientationPortrait;
				IPHONEOS_DEPLOYMENT_TARGET = 13.0;
				LD_RUNPATH_SEARCH_PATHS = (
					"$(inherited)",
					"@executable_path/Frameworks",
				);
				MARKETING_VERSION = 1.0;
				PRODUCT_BUNDLE_IDENTIFIER = ru.efmv1.ImageFeed;
				PRODUCT_NAME = "$(TARGET_NAME)";
				SUPPORTED_PLATFORMS = "iphoneos iphonesimulator";
				SUPPORTS_MACCATALYST = NO;
				SUPPORTS_MAC_DESIGNED_FOR_IPHONE_IPAD = NO;
				SUPPORTS_XR_DESIGNED_FOR_IPHONE_IPAD = NO;
				SWIFT_EMIT_LOC_STRINGS = YES;
				SWIFT_VERSION = 5.0;
				TARGETED_DEVICE_FAMILY = 1;
			};
			name = Release;
		};
		AFC744192D85CB65004BB4EB /* Debug */ = {
			isa = XCBuildConfiguration;
			buildSettings = {
				BUNDLE_LOADER = "$(TEST_HOST)";
				CODE_SIGN_STYLE = Automatic;
				CURRENT_PROJECT_VERSION = 1;
				GENERATE_INFOPLIST_FILE = YES;
				IPHONEOS_DEPLOYMENT_TARGET = 18.2;
				MARKETING_VERSION = 1.0;
				PRODUCT_BUNDLE_IDENTIFIER = ru.efmv1.ImageFeedTests;
				PRODUCT_NAME = "$(TARGET_NAME)";
				SWIFT_EMIT_LOC_STRINGS = NO;
				SWIFT_VERSION = 5.0;
				TARGETED_DEVICE_FAMILY = "1,2";
				TEST_HOST = "$(BUILT_PRODUCTS_DIR)/ImageFeed.app/$(BUNDLE_EXECUTABLE_FOLDER_PATH)/ImageFeed";
			};
			name = Debug;
		};
		AFC7441A2D85CB65004BB4EB /* Release */ = {
			isa = XCBuildConfiguration;
			buildSettings = {
				BUNDLE_LOADER = "$(TEST_HOST)";
				CODE_SIGN_STYLE = Automatic;
				CURRENT_PROJECT_VERSION = 1;
				GENERATE_INFOPLIST_FILE = YES;
				IPHONEOS_DEPLOYMENT_TARGET = 18.2;
				MARKETING_VERSION = 1.0;
				PRODUCT_BUNDLE_IDENTIFIER = ru.efmv1.ImageFeedTests;
				PRODUCT_NAME = "$(TARGET_NAME)";
				SWIFT_EMIT_LOC_STRINGS = NO;
				SWIFT_VERSION = 5.0;
				TARGETED_DEVICE_FAMILY = "1,2";
				TEST_HOST = "$(BUILT_PRODUCTS_DIR)/ImageFeed.app/$(BUNDLE_EXECUTABLE_FOLDER_PATH)/ImageFeed";
			};
			name = Release;
		};
/* End XCBuildConfiguration section */

/* Begin XCConfigurationList section */
		AF980CF52C5BA75200B7F8AE /* Build configuration list for PBXProject "ImageFeed" */ = {
			isa = XCConfigurationList;
			buildConfigurations = (
				AF980D0C2C5BA75400B7F8AE /* Debug */,
				AF980D0D2C5BA75400B7F8AE /* Release */,
			);
			defaultConfigurationIsVisible = 0;
			defaultConfigurationName = Release;
		};
		AF980D0E2C5BA75400B7F8AE /* Build configuration list for PBXNativeTarget "ImageFeed" */ = {
			isa = XCConfigurationList;
			buildConfigurations = (
				AF980D0F2C5BA75400B7F8AE /* Debug */,
				AF980D102C5BA75400B7F8AE /* Release */,
			);
			defaultConfigurationIsVisible = 0;
			defaultConfigurationName = Release;
		};
		AFC744182D85CB65004BB4EB /* Build configuration list for PBXNativeTarget "ImageFeedTests" */ = {
			isa = XCConfigurationList;
			buildConfigurations = (
				AFC744192D85CB65004BB4EB /* Debug */,
				AFC7441A2D85CB65004BB4EB /* Release */,
			);
			defaultConfigurationIsVisible = 0;
			defaultConfigurationName = Release;
		};
/* End XCConfigurationList section */

/* Begin XCRemoteSwiftPackageReference section */
		AF03791A2D71F4A200FDF9EA /* XCRemoteSwiftPackageReference "ProgressHUD" */ = {
			isa = XCRemoteSwiftPackageReference;
			repositoryURL = "https://github.com/relatedcode/ProgressHUD";
			requirement = {
				kind = exactVersion;
				version = 14.1.3;
			};
		};
		AF234CCB2D8056B0000EE9CC /* XCRemoteSwiftPackageReference "SwiftKeychainWrapper" */ = {
			isa = XCRemoteSwiftPackageReference;
			repositoryURL = "https://github.com/jrendel/SwiftKeychainWrapper";
			requirement = {
				kind = exactVersion;
				version = 4.0.1;
			};
		};
		AFE91B522D7DB00F00F0A164 /* XCRemoteSwiftPackageReference "Kingfisher" */ = {
			isa = XCRemoteSwiftPackageReference;
			repositoryURL = "https://github.com/onevcat/Kingfisher";
			requirement = {
				kind = exactVersion;
				version = 8.3.0;
			};
		};
/* End XCRemoteSwiftPackageReference section */

/* Begin XCSwiftPackageProductDependency section */
		AF03791B2D71F4A200FDF9EA /* ProgressHUD */ = {
			isa = XCSwiftPackageProductDependency;
			package = AF03791A2D71F4A200FDF9EA /* XCRemoteSwiftPackageReference "ProgressHUD" */;
			productName = ProgressHUD;
		};
		AF234CCC2D8056B0000EE9CC /* SwiftKeychainWrapper */ = {
			isa = XCSwiftPackageProductDependency;
			package = AF234CCB2D8056B0000EE9CC /* XCRemoteSwiftPackageReference "SwiftKeychainWrapper" */;
			productName = SwiftKeychainWrapper;
		};
		AFE91B532D7DB00F00F0A164 /* Kingfisher */ = {
			isa = XCSwiftPackageProductDependency;
			package = AFE91B522D7DB00F00F0A164 /* XCRemoteSwiftPackageReference "Kingfisher" */;
			productName = Kingfisher;
		};
/* End XCSwiftPackageProductDependency section */
	};
	rootObject = AF980CF22C5BA75200B7F8AE /* Project object */;
}
